
Microsoft Visual Studio Solution File, Format Version 12.00
# Visual Studio 15
VisualStudioVersion = 15.0.28010.2048
MinimumVisualStudioVersion = 10.0.40219.1
Project("{9A19103F-16F7-4668-BE54-9A1E7A4F7556}") = "LinkedListTest", "LinkedListTest\LinkedListTest.csproj", "{4864A03F-C80E-4119-A26E-A7C87E58FA8B}"
EndProject
Project("{FAE04EC0-301F-11D3-BF4B-00C04F79EFBC}") = "UnitTestLinkedLists", "UnitTestLinkedLists\UnitTestLinkedLists.csproj", "{037B9663-FFB9-4E8A-8B6D-0E9D3DBD9B26}"
EndProject
Global
	GlobalSection(SolutionConfigurationPlatforms) = preSolution
		Debug|Any CPU = Debug|Any CPU
		Release|Any CPU = Release|Any CPU
	EndGlobalSection
	GlobalSection(ProjectConfigurationPlatforms) = postSolution
		{4864A03F-C80E-4119-A26E-A7C87E58FA8B}.Debug|Any CPU.ActiveCfg = Debug|Any CPU
		{4864A03F-C80E-4119-A26E-A7C87E58FA8B}.Debug|Any CPU.Build.0 = Debug|Any CPU
		{4864A03F-C80E-4119-A26E-A7C87E58FA8B}.Release|Any CPU.ActiveCfg = Release|Any CPU
		{4864A03F-C80E-4119-A26E-A7C87E58FA8B}.Release|Any CPU.Build.0 = Release|Any CPU
		{037B9663-FFB9-4E8A-8B6D-0E9D3DBD9B26}.Debug|Any CPU.ActiveCfg = Debug|Any CPU
		{037B9663-FFB9-4E8A-8B6D-0E9D3DBD9B26}.Debug|Any CPU.Build.0 = Debug|Any CPU
		{037B9663-FFB9-4E8A-8B6D-0E9D3DBD9B26}.Release|Any CPU.ActiveCfg = Release|Any CPU
		{037B9663-FFB9-4E8A-8B6D-0E9D3DBD9B26}.Release|Any CPU.Build.0 = Release|Any CPU
	EndGlobalSection
	GlobalSection(SolutionProperties) = preSolution
		HideSolutionNode = FALSE
	EndGlobalSection
	GlobalSection(ExtensibilityGlobals) = postSolution
		SolutionGuid = {80A5E525-90A5-4466-B46C-4DB04BACF179}
	EndGlobalSection
EndGlobal
